
Microsoft Visual Studio Solution File, Format Version 12.00
Project("{FAE04EC0-301F-11D3-BF4B-00C04F79EFBC}") = "ScrabbleScorer.Core", "ScrabbleScorer.Core\ScrabbleScorer.Core.csproj", "{221A6C6B-07B4-49C2-98B2-69D34ABA7F73}"
EndProject
Project("{FAE04EC0-301F-11D3-BF4B-00C04F79EFBC}") = "ScrabbleScorer.Tests", "ScrabbleScorer.Tests\ScrabbleScorer.Tests.csproj", "{5BBB937A-21E5-4104-A9DA-E5094C4B5639}"
EndProject
Global
	GlobalSection(SolutionConfigurationPlatforms) = preSolution
		Debug|Any CPU = Debug|Any CPU
		Release|Any CPU = Release|Any CPU
	EndGlobalSection
	GlobalSection(ProjectConfigurationPlatforms) = postSolution
		{221A6C6B-07B4-49C2-98B2-69D34ABA7F73}.Debug|Any CPU.ActiveCfg = Debug|Any CPU
		{221A6C6B-07B4-49C2-98B2-69D34ABA7F73}.Debug|Any CPU.Build.0 = Debug|Any CPU
		{221A6C6B-07B4-49C2-98B2-69D34ABA7F73}.Release|Any CPU.ActiveCfg = Release|Any CPU
		{221A6C6B-07B4-49C2-98B2-69D34ABA7F73}.Release|Any CPU.Build.0 = Release|Any CPU
		{5BBB937A-21E5-4104-A9DA-E5094C4B5639}.Debug|Any CPU.ActiveCfg = Debug|Any CPU
		{5BBB937A-21E5-4104-A9DA-E5094C4B5639}.Debug|Any CPU.Build.0 = Debug|Any CPU
		{5BBB937A-21E5-4104-A9DA-E5094C4B5639}.Release|Any CPU.ActiveCfg = Release|Any CPU
		{5BBB937A-21E5-4104-A9DA-E5094C4B5639}.Release|Any CPU.Build.0 = Release|Any CPU
	EndGlobalSection
EndGlobal
